
Microsoft Visual Studio Solution File, Format Version 12.00
# Visual Studio Version 17
VisualStudioVersion = 17.7.34031.279
MinimumVisualStudioVersion = 10.0.40219.1
Project("{888888A0-9F3D-457C-B088-3A5042F75D52}") = "3OLIDTS_GuntherNettel_03_Py", "3OLIDTS_GuntherNettel_03_Py.pyproj", "{81420412-BF68-4A5E-8CFD-1969592915BB}"
EndProject
Global
	GlobalSection(SolutionConfigurationPlatforms) = preSolution
		Debug|Any CPU = Debug|Any CPU
		Release|Any CPU = Release|Any CPU
	EndGlobalSection
	GlobalSection(ProjectConfigurationPlatforms) = postSolution
		{81420412-BF68-4A5E-8CFD-1969592915BB}.Debug|Any CPU.ActiveCfg = Debug|Any CPU
		{81420412-BF68-4A5E-8CFD-1969592915BB}.Release|Any CPU.ActiveCfg = Release|Any CPU
	EndGlobalSection
	GlobalSection(SolutionProperties) = preSolution
		HideSolutionNode = FALSE
	EndGlobalSection
	GlobalSection(ExtensibilityGlobals) = postSolution
		SolutionGuid = {AEACFC6C-B0AD-4B1D-B0E1-33C66E827786}
	EndGlobalSection
EndGlobal
